dependencies:
- name: timesliceorchestrator
  repository: file://./timesliceorchestrator
  version: 0.1.0
- name: snapshot-agent
  repository: file://./snapshot-agent
  version: 0.1.0
- name: nvidia-dra-driver-gpu
  repository: https://helm.ngc.nvidia.com/nvidia
  version: 25.8.0
digest: sha256:214a3d207f4c37e369123c235b02ce9cb5ea27619ac5ac01bdc1c187e205d0c2
generated: "2026-07-29T21:14:17.56060342-07:00"
